
Microsoft Visual Studio Solution File, Format Version 12.00
# Visual Studio Version 17
VisualStudioVersion = 17.9.34728.123
MinimumVisualStudioVersion = 10.0.40219.1
Project("{9A19103F-16F7-4668-BE54-9A1E7A4F7556}") = "TaskManagementModel", "TaskManagementModel\TaskManagementModel.csproj", "{F4232B38-497B-482D-B8C7-E0098B02E271}"
EndProject
Project("{9A19103F-16F7-4668-BE54-9A1E7A4F7556}") = "TaskManagementAPI", "TaskManagementAPI\TaskManagementAPI.csproj", "{CABF9631-2ADD-4396-B954-9B83C482B433}"
EndProject
Project("{FAE04EC0-301F-11D3-BF4B-00C04F79EFBC}") = "TaskManagementBuisnessLogic", "TaskManagementBuisnessLogic\TaskManagementBuisnessLogic.csproj", "{3EB7238A-E4DB-4C87-B0F5-A0B90D03CCFF}"
EndProject
Global
	GlobalSection(SolutionConfigurationPlatforms) = preSolution
		Debug|Any CPU = Debug|Any CPU
		Release|Any CPU = Release|Any CPU
	EndGlobalSection
	GlobalSection(ProjectConfigurationPlatforms) = postSolution
		{F4232B38-497B-482D-B8C7-E0098B02E271}.Debug|Any CPU.ActiveCfg = Debug|Any CPU
		{F4232B38-497B-482D-B8C7-E0098B02E271}.Debug|Any CPU.Build.0 = Debug|Any CPU
		{F4232B38-497B-482D-B8C7-E0098B02E271}.Release|Any CPU.ActiveCfg = Release|Any CPU
		{F4232B38-497B-482D-B8C7-E0098B02E271}.Release|Any CPU.Build.0 = Release|Any CPU
		{CABF9631-2ADD-4396-B954-9B83C482B433}.Debug|Any CPU.ActiveCfg = Debug|Any CPU
		{CABF9631-2ADD-4396-B954-9B83C482B433}.Debug|Any CPU.Build.0 = Debug|Any CPU
		{CABF9631-2ADD-4396-B954-9B83C482B433}.Release|Any CPU.ActiveCfg = Release|Any CPU
		{CABF9631-2ADD-4396-B954-9B83C482B433}.Release|Any CPU.Build.0 = Release|Any CPU
		{3EB7238A-E4DB-4C87-B0F5-A0B90D03CCFF}.Debug|Any CPU.ActiveCfg = Debug|Any CPU
		{3EB7238A-E4DB-4C87-B0F5-A0B90D03CCFF}.Debug|Any CPU.Build.0 = Debug|Any CPU
		{3EB7238A-E4DB-4C87-B0F5-A0B90D03CCFF}.Release|Any CPU.ActiveCfg = Release|Any CPU
		{3EB7238A-E4DB-4C87-B0F5-A0B90D03CCFF}.Release|Any CPU.Build.0 = Release|Any CPU
	EndGlobalSection
	GlobalSection(SolutionProperties) = preSolution
		HideSolutionNode = FALSE
	EndGlobalSection
	GlobalSection(ExtensibilityGlobals) = postSolution
		SolutionGuid = {2A358651-8B22-44E1-9EAB-4EB52CFB2C0F}
	EndGlobalSection
EndGlobal
